// !$*UTF8*$!
{
	archiveVersion = 1;
	classes = {
	};
	objectVersion = 48;
	objects = {

/* Begin PBXBuildFile section */
		388910C720386E1D00E9114E /* mapViewController+mapkit.swift in Sources */ = {isa = PBXBuildFile; fileRef = 388910C620386E1D00E9114E /* mapViewController+mapkit.swift */; };
		38BD52B72037B181000E1D69 /* User.swift in Sources */ = {isa = PBXBuildFile; fileRef = 38BD52B62037B181000E1D69 /* User.swift */; };
		38BD52B92037B195000E1D69 /* Location.swift in Sources */ = {isa = PBXBuildFile; fileRef = 38BD52B82037B195000E1D69 /* Location.swift */; };
		38FAABB220349917007F3263 /* AppDelegate.swift in Sources */ = {isa = PBXBuildFile; fileRef = 38FAABB120349917007F3263 /* AppDelegate.swift */; };
		38FAABB420349917007F3263 /* AddLocationViewController.swift in Sources */ = {isa = PBXBuildFile; fileRef = 38FAABB320349917007F3263 /* AddLocationViewController.swift */; };
		38FAABB720349917007F3263 /* Main.storyboard in Resources */ = {isa = PBXBuildFile; fileRef = 38FAABB520349917007F3263 /* Main.storyboard */; };
		38FAABB920349918007F3263 /* Assets.xcassets in Resources */ = {isa = PBXBuildFile; fileRef = 38FAABB820349918007F3263 /* Assets.xcassets */; };
		38FAABBC20349918007F3263 /* LaunchScreen.storyboard in Resources */ = {isa = PBXBuildFile; fileRef = 38FAABBA20349918007F3263 /* LaunchScreen.storyboard */; };
		38FAABC62034A571007F3263 /* LoginViewController.swift in Sources */ = {isa = PBXBuildFile; fileRef = 38FAABC52034A571007F3263 /* LoginViewController.swift */; };
		38FAABC82034ACC7007F3263 /* Constants.swift in Sources */ = {isa = PBXBuildFile; fileRef = 38FAABC72034ACC7007F3263 /* Constants.swift */; };
		38FAABCA2034AEB0007F3263 /* Extensions.swift in Sources */ = {isa = PBXBuildFile; fileRef = 38FAABC92034AEB0007F3263 /* Extensions.swift */; };
		38FAABCF2034BACF007F3263 /* MainTabBarController.swift in Sources */ = {isa = PBXBuildFile; fileRef = 38FAABCE2034BACF007F3263 /* MainTabBarController.swift */; };
		38FAABD12034E09A007F3263 /* LocationsTableViewController.swift in Sources */ = {isa = PBXBuildFile; fileRef = 38FAABD02034E09A007F3263 /* LocationsTableViewController.swift */; };
		38FAABD42034E628007F3263 /* LocationTableViewCell.swift in Sources */ = {isa = PBXBuildFile; fileRef = 38FAABD32034E628007F3263 /* LocationTableViewCell.swift */; };
		38FAABD62034EE3B007F3263 /* AlertController.swift in Sources */ = {isa = PBXBuildFile; fileRef = 38FAABD52034EE3B007F3263 /* AlertController.swift */; };
		38FAABD82034F9E3007F3263 /* MapViewController.swift in Sources */ = {isa = PBXBuildFile; fileRef = 38FAABD72034F9E3007F3263 /* MapViewController.swift */; };
		737235B0203B62640007C084 /* ActivityIndicator.swift in Sources */ = {isa = PBXBuildFile; fileRef = 737235AF203B62640007C084 /* ActivityIndicator.swift */; };
		73B180DD2035A87E00637762 /* FinishAddLocationViewController.swift in Sources */ = {isa = PBXBuildFile; fileRef = 73B180DC2035A87E00637762 /* FinishAddLocationViewController.swift */; };
		73B180E22035CF8400637762 /* UdacityClient.swift in Sources */ = {isa = PBXBuildFile; fileRef = 73B180E12035CF8400637762 /* UdacityClient.swift */; };
		73B180E52035D1D500637762 /* UdacityConstants.swift in Sources */ = {isa = PBXBuildFile; fileRef = 73B180E42035D1D500637762 /* UdacityConstants.swift */; };
		73B180E72035D7C000637762 /* UdacityConvenienceMethods.swift in Sources */ = {isa = PBXBuildFile; fileRef = 73B180E62035D7C000637762 /* UdacityConvenienceMethods.swift */; };
/* End PBXBuildFile section */

/* Begin PBXFileReference section */
		388910C620386E1D00E9114E /* mapViewController+mapkit.swift */ = {isa = PBXFileReference; lastKnownFileType = sourcecode.swift; path = "mapViewController+mapkit.swift"; sourceTree = "<group>"; };
		38BD52B62037B181000E1D69 /* User.swift */ = {isa = PBXFileReference; lastKnownFileType = sourcecode.swift; path = User.swift; sourceTree = "<group>"; };
		38BD52B82037B195000E1D69 /* Location.swift */ = {isa = PBXFileReference; lastKnownFileType = sourcecode.swift; path = Location.swift; sourceTree = "<group>"; };
		38FAABAE20349917007F3263 /* OnTheMap.app */ = {isa = PBXFileReference; explicitFileType = wrapper.application; includeInIndex = 0; path = OnTheMap.app; sourceTree = BUILT_PRODUCTS_DIR; };
		38FAABB120349917007F3263 /* AppDelegate.swift */ = {isa = PBXFileReference; lastKnownFileType = sourcecode.swift; path = AppDelegate.swift; sourceTree = "<group>"; };
		38FAABB320349917007F3263 /* AddLocationViewController.swift */ = {isa = PBXFileReference; lastKnownFileType = sourcecode.swift; path = AddLocationViewController.swift; sourceTree = "<group>"; };
		38FAABB620349917007F3263 /* Base */ = {isa = PBXFileReference; lastKnownFileType = file.storyboard; name = Base; path = Base.lproj/Main.storyboard; sourceTree = "<group>"; };
		38FAABB820349918007F3263 /* Assets.xcassets */ = {isa = PBXFileReference; lastKnownFileType = folder.assetcatalog; path = Assets.xcassets; sourceTree = "<group>"; };
		38FAABBB20349918007F3263 /* Base */ = {isa = PBXFileReference; lastKnownFileType = file.storyboard; name = Base; path = Base.lproj/LaunchScreen.storyboard; sourceTree = "<group>"; };
		38FAABBD20349918007F3263 /* Info.plist */ = {isa = PBXFileReference; lastKnownFileType = text.plist.xml; path = Info.plist; sourceTree = "<group>"; };
		38FAABC52034A571007F3263 /* LoginViewController.swift */ = {isa = PBXFileReference; lastKnownFileType = sourcecode.swift; path = LoginViewController.swift; sourceTree = "<group>"; };
		38FAABC72034ACC7007F3263 /* Constants.swift */ = {isa = PBXFileReference; lastKnownFileType = sourcecode.swift; path = Constants.swift; sourceTree = "<group>"; };
		38FAABC92034AEB0007F3263 /* Extensions.swift */ = {isa = PBXFileReference; lastKnownFileType = sourcecode.swift; path = Extensions.swift; sourceTree = "<group>"; };
		38FAABCE2034BACF007F3263 /* MainTabBarController.swift */ = {isa = PBXFileReference; lastKnownFileType = sourcecode.swift; path = MainTabBarController.swift; sourceTree = "<group>"; };
		38FAABD02034E09A007F3263 /* LocationsTableViewController.swift */ = {isa = PBXFileReference; lastKnownFileType = sourcecode.swift; path = LocationsTableViewController.swift; sourceTree = "<group>"; };
		38FAABD32034E628007F3263 /* LocationTableViewCell.swift */ = {isa = PBXFileReference; lastKnownFileType = sourcecode.swift; path = LocationTableViewCell.swift; sourceTree = "<group>"; };
		38FAABD52034EE3B007F3263 /* AlertController.swift */ = {isa = PBXFileReference; lastKnownFileType = sourcecode.swift; path = AlertController.swift; sourceTree = "<group>"; };
		38FAABD72034F9E3007F3263 /* MapViewController.swift */ = {isa = PBXFileReference; lastKnownFileType = sourcecode.swift; path = MapViewController.swift; sourceTree = "<group>"; };
		737235AF203B62640007C084 /* ActivityIndicator.swift */ = {isa = PBXFileReference; lastKnownFileType = sourcecode.swift; path = ActivityIndicator.swift; sourceTree = "<group>"; };
		73B180DC2035A87E00637762 /* FinishAddLocationViewController.swift */ = {isa = PBXFileReference; lastKnownFileType = sourcecode.swift; path = FinishAddLocationViewController.swift; sourceTree = "<group>"; };
		73B180E12035CF8400637762 /* UdacityClient.swift */ = {isa = PBXFileReference; lastKnownFileType = sourcecode.swift; path = UdacityClient.swift; sourceTree = "<group>"; };
		73B180E42035D1D500637762 /* UdacityConstants.swift */ = {isa = PBXFileReference; lastKnownFileType = sourcecode.swift; path = UdacityConstants.swift; sourceTree = "<group>"; };
		73B180E62035D7C000637762 /* UdacityConvenienceMethods.swift */ = {isa = PBXFileReference; lastKnownFileType = sourcecode.swift; path = UdacityConvenienceMethods.swift; sourceTree = "<group>"; };
/* End PBXFileReference section */

/* Begin PBXFrameworksBuildPhase section */
		38FAABAB20349917007F3263 /* Frameworks */ = {
			isa = PBXFrameworksBuildPhase;
			buildActionMask = 2147483647;
			files = (
			);
			runOnlyForDeploymentPostprocessing = 0;
		};
/* End PBXFrameworksBuildPhase section */

/* Begin PBXGroup section */
		388910C520386DC900E9114E /* MainMap */ = {
			isa = PBXGroup;
			children = (
				38FAABD72034F9E3007F3263 /* MapViewController.swift */,
				388910C620386E1D00E9114E /* mapViewController+mapkit.swift */,
			);
			path = MainMap;
			sourceTree = "<group>";
		};
		38FAABA520349917007F3263 = {
			isa = PBXGroup;
			children = (
				38FAABB020349917007F3263 /* OnTheMap */,
				38FAABAF20349917007F3263 /* Products */,
			);
			sourceTree = "<group>";
		};
		38FAABAF20349917007F3263 /* Products */ = {
			isa = PBXGroup;
			children = (
				38FAABAE20349917007F3263 /* OnTheMap.app */,
			);
			name = Products;
			sourceTree = "<group>";
		};
		38FAABB020349917007F3263 /* OnTheMap */ = {
			isa = PBXGroup;
			children = (
				73B180DE2035CF3A00637762 /* Model */,
				38FAABCD2034B13C007F3263 /* Utils */,
				38FAABCC2034B111007F3263 /* Assets */,
				38FAABCB2034B0B8007F3263 /* View Controllers */,
				38FAABB120349917007F3263 /* AppDelegate.swift */,
				38FAABBD20349918007F3263 /* Info.plist */,
			);
			path = OnTheMap;
			sourceTree = "<group>";
		};
		38FAABCB2034B0B8007F3263 /* View Controllers */ = {
			isa = PBXGroup;
			children = (
				73F67B5A2036F32100CF3222 /* Login */,
				73B180DB2035A85100637762 /* AddLocation */,
				38FAABD22034E5F7007F3263 /* TableView */,
				388910C520386DC900E9114E /* MainMap */,
				38FAABCE2034BACF007F3263 /* MainTabBarController.swift */,
			);
			path = "View Controllers";
			sourceTree = "<group>";
		};
		38FAABCC2034B111007F3263 /* Assets */ = {
			isa = PBXGroup;
			children = (
				38FAABB820349918007F3263 /* Assets.xcassets */,
				38FAABB520349917007F3263 /* Main.storyboard */,
				38FAABBA20349918007F3263 /* LaunchScreen.storyboard */,
			);
			path = Assets;
			sourceTree = "<group>";
		};
		38FAABCD2034B13C007F3263 /* Utils */ = {
			isa = PBXGroup;
			children = (
				38FAABC72034ACC7007F3263 /* Constants.swift */,
				38FAABC92034AEB0007F3263 /* Extensions.swift */,
				38FAABD52034EE3B007F3263 /* AlertController.swift */,
				737235AF203B62640007C084 /* ActivityIndicator.swift */,
			);
			path = Utils;
			sourceTree = "<group>";
		};
		38FAABD22034E5F7007F3263 /* TableView */ = {
			isa = PBXGroup;
			children = (
				38FAABD02034E09A007F3263 /* LocationsTableViewController.swift */,
				38FAABD32034E628007F3263 /* LocationTableViewCell.swift */,
			);
			path = TableView;
			sourceTree = "<group>";
		};
		73B180DB2035A85100637762 /* AddLocation */ = {
			isa = PBXGroup;
			children = (
				38FAABB320349917007F3263 /* AddLocationViewController.swift */,
				73B180DC2035A87E00637762 /* FinishAddLocationViewController.swift */,
			);
			path = AddLocation;
			sourceTree = "<group>";
		};
		73B180DE2035CF3A00637762 /* Model */ = {
			isa = PBXGroup;
			children = (
				73B180DF2035CF4B00637762 /* Clients */,
				38BD52B62037B181000E1D69 /* User.swift */,
				38BD52B82037B195000E1D69 /* Location.swift */,
			);
			path = Model;
			sourceTree = "<group>";
		};
		73B180DF2035CF4B00637762 /* Clients */ = {
			isa = PBXGroup;
			children = (
				73B180E02035CF5400637762 /* Udacity */,
			);
			path = Clients;
			sourceTree = "<group>";
		};
		73B180E02035CF5400637762 /* Udacity */ = {
			isa = PBXGroup;
			children = (
				73B180E12035CF8400637762 /* UdacityClient.swift */,
				73B180E42035D1D500637762 /* UdacityConstants.swift */,
				73B180E62035D7C000637762 /* UdacityConvenienceMethods.swift */,
			);
			path = Udacity;
			sourceTree = "<group>";
		};
		73F67B5A2036F32100CF3222 /* Login */ = {
			isa = PBXGroup;
			children = (
				38FAABC52034A571007F3263 /* LoginViewController.swift */,
			);
			path = Login;
			sourceTree = "<group>";
		};
/* End PBXGroup section */

/* Begin PBXNativeTarget section */
		38FAABAD20349917007F3263 /* OnTheMap */ = {
			isa = PBXNativeTarget;
			buildConfigurationList = 38FAABC020349918007F3263 /* Build configuration list for PBXNativeTarget "OnTheMap" */;
			buildPhases = (
				38FAABAA20349917007F3263 /* Sources */,
				38FAABAB20349917007F3263 /* Frameworks */,
				38FAABAC20349917007F3263 /* Resources */,
			);
			buildRules = (
			);
			dependencies = (
			);
			name = OnTheMap;
			productName = OnTheMap;
			productReference = 38FAABAE20349917007F3263 /* OnTheMap.app */;
			productType = "com.apple.product-type.application";
		};
/* End PBXNativeTarget section */

/* Begin PBXProject section */
		38FAABA620349917007F3263 /* Project object */ = {
			isa = PBXProject;
			attributes = {
				LastSwiftUpdateCheck = 0920;
				LastUpgradeCheck = 0920;
				ORGANIZATIONNAME = "Luiz Hammerli";
				TargetAttributes = {
					38FAABAD20349917007F3263 = {
						CreatedOnToolsVersion = 9.2;
						ProvisioningStyle = Automatic;
					};
				};
			};
			buildConfigurationList = 38FAABA920349917007F3263 /* Build configuration list for PBXProject "OnTheMap" */;
			compatibilityVersion = "Xcode 8.0";
			developmentRegion = en;
			hasScannedForEncodings = 0;
			knownRegions = (
				en,
				Base,
			);
			mainGroup = 38FAABA520349917007F3263;
			productRefGroup = 38FAABAF20349917007F3263 /* Products */;
			projectDirPath = "";
			projectRoot = "";
			targets = (
				38FAABAD20349917007F3263 /* OnTheMap */,
			);
		};
/* End PBXProject section */

/* Begin PBXResourcesBuildPhase section */
		38FAABAC20349917007F3263 /* Resources */ = {
			isa = PBXResourcesBuildPhase;
			buildActionMask = 2147483647;
			files = (
				38FAABBC20349918007F3263 /* LaunchScreen.storyboard in Resources */,
				38FAABB920349918007F3263 /* Assets.xcassets in Resources */,
				38FAABB720349917007F3263 /* Main.storyboard in Resources */,
			);
			runOnlyForDeploymentPostprocessing = 0;
		};
/* End PBXResourcesBuildPhase section */

/* Begin PBXSourcesBuildPhase section */
		38FAABAA20349917007F3263 /* Sources */ = {
			isa = PBXSourcesBuildPhase;
			buildActionMask = 2147483647;
			files = (
				73B180E72035D7C000637762 /* UdacityConvenienceMethods.swift in Sources */,
				388910C720386E1D00E9114E /* mapViewController+mapkit.swift in Sources */,
				73B180DD2035A87E00637762 /* FinishAddLocationViewController.swift in Sources */,
				38BD52B92037B195000E1D69 /* Location.swift in Sources */,
				38FAABCA2034AEB0007F3263 /* Extensions.swift in Sources */,
				38FAABD62034EE3B007F3263 /* AlertController.swift in Sources */,
				38FAABD42034E628007F3263 /* LocationTableViewCell.swift in Sources */,
				38FAABD82034F9E3007F3263 /* MapViewController.swift in Sources */,
				38FAABC62034A571007F3263 /* LoginViewController.swift in Sources */,
				38FAABCF2034BACF007F3263 /* MainTabBarController.swift in Sources */,
				38BD52B72037B181000E1D69 /* User.swift in Sources */,
				38FAABB420349917007F3263 /* AddLocationViewController.swift in Sources */,
				73B180E22035CF8400637762 /* UdacityClient.swift in Sources */,
				38FAABD12034E09A007F3263 /* LocationsTableViewController.swift in Sources */,
				73B180E52035D1D500637762 /* UdacityConstants.swift in Sources */,
				38FAABB220349917007F3263 /* AppDelegate.swift in Sources */,
				737235B0203B62640007C084 /* ActivityIndicator.swift in Sources */,
				38FAABC82034ACC7007F3263 /* Constants.swift in Sources */,
			);
			runOnlyForDeploymentPostprocessing = 0;
		};
/* End PBXSourcesBuildPhase section */

/* Begin PBXVariantGroup section */
		38FAABB520349917007F3263 /* Main.storyboard */ = {
			isa = PBXVariantGroup;
			children = (
				38FAABB620349917007F3263 /* Base */,
			);
			name = Main.storyboard;
			sourceTree = "<group>";
		};
		38FAABBA20349918007F3263 /* LaunchScreen.storyboard */ = {
			isa = PBXVariantGroup;
			children = (
				38FAABBB20349918007F3263 /* Base */,
			);
			name = LaunchScreen.storyboard;
			sourceTree = "<group>";
		};
/* End PBXVariantGroup section */

/* Begin XCBuildConfiguration section */
		38FAABBE20349918007F3263 /* Debug */ = {
			isa = XCBuildConfiguration;
			buildSettings = {
				ALWAYS_SEARCH_USER_PATHS = NO;
				CLANG_ANALYZER_NONNULL = YES;
				CLANG_ANALYZER_NUMBER_OBJECT_CONVERSION = YES_AGGRESSIVE;
				CLANG_CXX_LANGUAGE_STANDARD = "gnu++14";
				CLANG_CXX_LIBRARY = "libc++";
				CLANG_ENABLE_MODULES = YES;
				CLANG_ENABLE_OBJC_ARC = YES;
				CLANG_WARN_BLOCK_CAPTURE_AUTORELEASING = YES;
				CLANG_WARN_BOOL_CONVERSION = YES;
				CLANG_WARN_COMMA = YES;
				CLANG_WARN_CONSTANT_CONVERSION = YES;
				CLANG_WARN_DIRECT_OBJC_ISA_USAGE = YES_ERROR;
				CLANG_WARN_DOCUMENTATION_COMMENTS = YES;
				CLANG_WARN_EMPTY_BODY = YES;
				CLANG_WARN_ENUM_CONVERSION = YES;
				CLANG_WARN_INFINITE_RECURSION = YES;
				CLANG_WARN_INT_CONVERSION = YES;
				CLANG_WARN_NON_LITERAL_NULL_CONVERSION = YES;
				CLANG_WARN_OBJC_LITERAL_CONVERSION = YES;
				CLANG_WARN_OBJC_ROOT_CLASS = YES_ERROR;
				CLANG_WARN_RANGE_LOOP_ANALYSIS = YES;
				CLANG_WARN_STRICT_PROTOTYPES = YES;
				CLANG_WARN_SUSPICIOUS_MOVE = YES;
				CLANG_WARN_UNGUARDED_AVAILABILITY = YES_AGGRESSIVE;
				CLANG_WARN_UNREACHABLE_CODE = YES;
				CLANG_WARN__DUPLICATE_METHOD_MATCH = YES;
				CODE_SIGN_IDENTITY = "iPhone Developer";
				COPY_PHASE_STRIP = NO;
				DEBUG_INFORMATION_FORMAT = dwarf;
				ENABLE_STRICT_OBJC_MSGSEND = YES;
				ENABLE_TESTABILITY = YES;
				GCC_C_LANGUAGE_STANDARD = gnu11;
				GCC_DYNAMIC_NO_PIC = NO;
				GCC_NO_COMMON_BLOCKS = YES;
				GCC_OPTIMIZATION_LEVEL = 0;
				GCC_PREPROCESSOR_DEFINITIONS = (
					"DEBUG=1",
					"$(inherited)",
				);
				GCC_WARN_64_TO_32_BIT_CONVERSION = YES;
				GCC_WARN_ABOUT_RETURN_TYPE = YES_ERROR;
				GCC_WARN_UNDECLARED_SELECTOR = YES;
				GCC_WARN_UNINITIALIZED_AUTOS = YES_AGGRESSIVE;
				GCC_WARN_UNUSED_FUNCTION = YES;
				GCC_WARN_UNUSED_VARIABLE = YES;
				IPHONEOS_DEPLOYMENT_TARGET = 11.2;
				MTL_ENABLE_DEBUG_INFO = YES;
				ONLY_ACTIVE_ARCH = YES;
				SDKROOT = iphoneos;
				SWIFT_ACTIVE_COMPILATION_CONDITIONS = DEBUG;
				SWIFT_OPTIMIZATION_LEVEL = "-Onone";
			};
			name = Debug;
		};
		38FAABBF20349918007F3263 /* Release */ = {
			isa = XCBuildConfiguration;
			buildSettings = {
				ALWAYS_SEARCH_USER_PATHS = NO;
				CLANG_ANALYZER_NONNULL = YES;
				CLANG_ANALYZER_NUMBER_OBJECT_CONVERSION = YES_AGGRESSIVE;
				CLANG_CXX_LANGUAGE_STANDARD = "gnu++14";
				CLANG_CXX_LIBRARY = "libc++";
				CLANG_ENABLE_MODULES = YES;
				CLANG_ENABLE_OBJC_ARC = YES;
				CLANG_WARN_BLOCK_CAPTURE_AUTORELEASING = YES;
				CLANG_WARN_BOOL_CONVERSION = YES;
				CLANG_WARN_COMMA = YES;
				CLANG_WARN_CONSTANT_CONVERSION = YES;
				CLANG_WARN_DIRECT_OBJC_ISA_USAGE = YES_ERROR;
				CLANG_WARN_DOCUMENTATION_COMMENTS = YES;
				CLANG_WARN_EMPTY_BODY = YES;
				CLANG_WARN_ENUM_CONVERSION = YES;
				CLANG_WARN_INFINITE_RECURSION = YES;
				CLANG_WARN_INT_CONVERSION = YES;
				CLANG_WARN_NON_LITERAL_NULL_CONVERSION = YES;
				CLANG_WARN_OBJC_LITERAL_CONVERSION = YES;
				CLANG_WARN_OBJC_ROOT_CLASS = YES_ERROR;
				CLANG_WARN_RANGE_LOOP_ANALYSIS = YES;
				CLANG_WARN_STRICT_PROTOTYPES = YES;
				CLANG_WARN_SUSPICIOUS_MOVE = YES;
				CLANG_WARN_UNGUARDED_AVAILABILITY = YES_AGGRESSIVE;
				CLANG_WARN_UNREACHABLE_CODE = YES;
				CLANG_WARN__DUPLICATE_METHOD_MATCH = YES;
				CODE_SIGN_IDENTITY = "iPhone Developer";
				COPY_PHASE_STRIP = NO;
				DEBUG_INFORMATION_FORMAT = "dwarf-with-dsym";
				ENABLE_NS_ASSERTIONS = NO;
				ENABLE_STRICT_OBJC_MSGSEND = YES;
				GCC_C_LANGUAGE_STANDARD = gnu11;
				GCC_NO_COMMON_BLOCKS = YES;
				GCC_WARN_64_TO_32_BIT_CONVERSION = YES;
				GCC_WARN_ABOUT_RETURN_TYPE = YES_ERROR;
				GCC_WARN_UNDECLARED_SELECTOR = YES;
				GCC_WARN_UNINITIALIZED_AUTOS = YES_AGGRESSIVE;
				GCC_WARN_UNUSED_FUNCTION = YES;
				GCC_WARN_UNUSED_VARIABLE = YES;
				IPHONEOS_DEPLOYMENT_TARGET = 11.2;
				MTL_ENABLE_DEBUG_INFO = NO;
				SDKROOT = iphoneos;
				SWIFT_OPTIMIZATION_LEVEL = "-Owholemodule";
				VALIDATE_PRODUCT = YES;
			};
			name = Release;
		};
		38FAABC120349918007F3263 /* Debug */ = {
			isa = XCBuildConfiguration;
			buildSettings = {
				ASSETCATALOG_COMPILER_APPICON_NAME = AppIcon;
				CODE_SIGN_STYLE = Automatic;
				DEVELOPMENT_TEAM = "";
				INFOPLIST_FILE = OnTheMap/Info.plist;
				LD_RUNPATH_SEARCH_PATHS = "$(inherited) @executable_path/Frameworks";
				PRODUCT_BUNDLE_IDENTIFIER = App.OnTheMap;
				PRODUCT_NAME = "$(TARGET_NAME)";
				SWIFT_VERSION = 4.0;
				TARGETED_DEVICE_FAMILY = "1,2";
			};
			name = Debug;
		};
		38FAABC220349918007F3263 /* Release */ = {
			isa = XCBuildConfiguration;
			buildSettings = {
				ASSETCATALOG_COMPILER_APPICON_NAME = AppIcon;
				CODE_SIGN_STYLE = Automatic;
				DEVELOPMENT_TEAM = "";
				INFOPLIST_FILE = OnTheMap/Info.plist;
				LD_RUNPATH_SEARCH_PATHS = "$(inherited) @executable_path/Frameworks";
				PRODUCT_BUNDLE_IDENTIFIER = App.OnTheMap;
				PRODUCT_NAME = "$(TARGET_NAME)";
				SWIFT_VERSION = 4.0;
				TARGETED_DEVICE_FAMILY = "1,2";
			};
			name = Release;
		};
/* End XCBuildConfiguration section */

/* Begin XCConfigurationList section */
		38FAABA920349917007F3263 /* Build configuration list for PBXProject "OnTheMap" */ = {
			isa = XCConfigurationList;
			buildConfigurations = (
				38FAABBE20349918007F3263 /* Debug */,
				38FAABBF20349918007F3263 /* Release */,
			);
			defaultConfigurationIsVisible = 0;
			defaultConfigurationName = Release;
		};
		38FAABC020349918007F3263 /* Build configuration list for PBXNativeTarget "OnTheMap" */ = {
			isa = XCConfigurationList;
			buildConfigurations = (
				38FAABC120349918007F3263 /* Debug */,
				38FAABC220349918007F3263 /* Release */,
			);
			defaultConfigurationIsVisible = 0;
			defaultConfigurationName = Release;
		};
/* End XCConfigurationList section */
	};
	rootObject = 38FAABA620349917007F3263 /* Project object */;
}
